
Microsoft Visual Studio Solution File, Format Version 12.00
# Visual Studio Version 17
VisualStudioVersion = 17.3.32901.215
MinimumVisualStudioVersion = 10.0.40219.1
Project("{FAE04EC0-301F-11D3-BF4B-00C04F79EFBC}") = "Labaratory4", "Labaratory4\Labaratory4.csproj", "{ACAC1689-27FD-46D5-9CD6-ADD0B5B251BB}"
EndProject
Global
	GlobalSection(SolutionConfigurationPlatforms) = preSolution
		Debug|Any CPU = Debug|Any CPU
		Release|Any CPU = Release|Any CPU
	EndGlobalSection
	GlobalSection(ProjectConfigurationPlatforms) = postSolution
		{ACAC1689-27FD-46D5-9CD6-ADD0B5B251BB}.Debug|Any CPU.ActiveCfg = Debug|Any CPU
		{ACAC1689-27FD-46D5-9CD6-ADD0B5B251BB}.Debug|Any CPU.Build.0 = Debug|Any CPU
		{ACAC1689-27FD-46D5-9CD6-ADD0B5B251BB}.Release|Any CPU.ActiveCfg = Release|Any CPU
		{ACAC1689-27FD-46D5-9CD6-ADD0B5B251BB}.Release|Any CPU.Build.0 = Release|Any CPU
	EndGlobalSection
	GlobalSection(SolutionProperties) = preSolution
		HideSolutionNode = FALSE
	EndGlobalSection
	GlobalSection(ExtensibilityGlobals) = postSolution
		SolutionGuid = {38D58E25-BA99-4949-AC8F-4BD1E0FE60F2}
	EndGlobalSection
EndGlobal
